
Microsoft Visual Studio Solution File, Format Version 12.00
# Visual Studio Version 16
VisualStudioVersion = 16.0.31702.278
MinimumVisualStudioVersion = 10.0.40219.1
Project("{FAE04EC0-301F-11D3-BF4B-00C04F79EFBC}") = "AbilityStoneSimulator", "AbilityStoneSimulator\AbilityStoneSimulator.csproj", "{9B904271-65B2-453E-A6C6-0A67B61F4F14}"
EndProject
Global
	GlobalSection(SolutionConfigurationPlatforms) = preSolution
		Debug|Any CPU = Debug|Any CPU
		Release|Any CPU = Release|Any CPU
	EndGlobalSection
	GlobalSection(ProjectConfigurationPlatforms) = postSolution
		{9B904271-65B2-453E-A6C6-0A67B61F4F14}.Debug|Any CPU.ActiveCfg = Debug|Any CPU
		{9B904271-65B2-453E-A6C6-0A67B61F4F14}.Debug|Any CPU.Build.0 = Debug|Any CPU
		{9B904271-65B2-453E-A6C6-0A67B61F4F14}.Release|Any CPU.ActiveCfg = Release|Any CPU
		{9B904271-65B2-453E-A6C6-0A67B61F4F14}.Release|Any CPU.Build.0 = Release|Any CPU
	EndGlobalSection
	GlobalSection(SolutionProperties) = preSolution
		HideSolutionNode = FALSE
	EndGlobalSection
	GlobalSection(ExtensibilityGlobals) = postSolution
		SolutionGuid = {1F751C85-06FF-4164-96F3-E27EA1BC41A2}
	EndGlobalSection
EndGlobal
