
Microsoft Visual Studio Solution File, Format Version 12.00
# Visual Studio Version 17
VisualStudioVersion = 17.4.33122.133
MinimumVisualStudioVersion = 10.0.40219.1
Project("{FAE04EC0-301F-11D3-BF4B-00C04F79EFBC}") = "OddsOfDealingAllBlack", "OddsOfDealingAllBlack\OddsOfDealingAllBlack.csproj", "{FE346DB8-AB6B-4E4B-BA5C-A5F3C60BE7FD}"
EndProject
Global
	GlobalSection(SolutionConfigurationPlatforms) = preSolution
		Debug|Any CPU = Debug|Any CPU
		Release|Any CPU = Release|Any CPU
	EndGlobalSection
	GlobalSection(ProjectConfigurationPlatforms) = postSolution
		{FE346DB8-AB6B-4E4B-BA5C-A5F3C60BE7FD}.Debug|Any CPU.ActiveCfg = Debug|Any CPU
		{FE346DB8-AB6B-4E4B-BA5C-A5F3C60BE7FD}.Debug|Any CPU.Build.0 = Debug|Any CPU
		{FE346DB8-AB6B-4E4B-BA5C-A5F3C60BE7FD}.Release|Any CPU.ActiveCfg = Release|Any CPU
		{FE346DB8-AB6B-4E4B-BA5C-A5F3C60BE7FD}.Release|Any CPU.Build.0 = Release|Any CPU
	EndGlobalSection
	GlobalSection(SolutionProperties) = preSolution
		HideSolutionNode = FALSE
	EndGlobalSection
	GlobalSection(ExtensibilityGlobals) = postSolution
		SolutionGuid = {3F54B459-78D5-4BE0-B132-D37681C01BEA}
	EndGlobalSection
EndGlobal
