
Microsoft Visual Studio Solution File, Format Version 12.00
# Visual Studio Version 16
VisualStudioVersion = 16.0.28922.388
MinimumVisualStudioVersion = 10.0.40219.1
Project("{FAE04EC0-301F-11D3-BF4B-00C04F79EFBC}") = "ClickRecorder", "ClickRecorder\ClickRecorder.csproj", "{CCD1DAD1-BD6A-486A-B65F-2A040242046D}"
EndProject
Global
	GlobalSection(SolutionConfigurationPlatforms) = preSolution
		Debug|Any CPU = Debug|Any CPU
		Release|Any CPU = Release|Any CPU
	EndGlobalSection
	GlobalSection(ProjectConfigurationPlatforms) = postSolution
		{CCD1DAD1-BD6A-486A-B65F-2A040242046D}.Debug|Any CPU.ActiveCfg = Debug|Any CPU
		{CCD1DAD1-BD6A-486A-B65F-2A040242046D}.Debug|Any CPU.Build.0 = Debug|Any CPU
		{CCD1DAD1-BD6A-486A-B65F-2A040242046D}.Release|Any CPU.ActiveCfg = Release|Any CPU
		{CCD1DAD1-BD6A-486A-B65F-2A040242046D}.Release|Any CPU.Build.0 = Release|Any CPU
	EndGlobalSection
	GlobalSection(SolutionProperties) = preSolution
		HideSolutionNode = FALSE
	EndGlobalSection
	GlobalSection(ExtensibilityGlobals) = postSolution
		SolutionGuid = {2E7FAFA4-0C18-45BE-A775-210CB2047819}
	EndGlobalSection
EndGlobal
